
Microsoft Visual Studio Solution File, Format Version 12.00
# Visual Studio Version 16
VisualStudioVersion = 16.6.30114.105
MinimumVisualStudioVersion = 10.0.40219.1
Project("{FAE04EC0-301F-11D3-BF4B-00C04F79EFBC}") = "CustomerApi", "CustomerApi\CustomerApi.csproj", "{48BFE48C-1052-49C9-B2F4-192249C18A50}"
EndProject
Project("{FAE04EC0-301F-11D3-BF4B-00C04F79EFBC}") = "Core", "Core\Core.csproj", "{2843B5B9-5167-4FE9-87B7-A8761DE2A01D}"
EndProject
Project("{FAE04EC0-301F-11D3-BF4B-00C04F79EFBC}") = "Infra.SQL", "Infra.SQL\Infra.SQL.csproj", "{9B827198-18F8-4CB4-9763-0E46824806D8}"
EndProject
Project("{FAE04EC0-301F-11D3-BF4B-00C04F79EFBC}") = "Infra.NoSQL", "Infra.NoSQL\Infra.NoSQL.csproj", "{47A52120-FF16-44DC-B2B3-C8C43F701372}"
EndProject
Project("{FAE04EC0-301F-11D3-BF4B-00C04F79EFBC}") = "ProductApi", "ProductApi\ProductApi.csproj", "{31BA97E6-6051-47FE-9358-BE1B9E726EC2}"
EndProject
Global
	GlobalSection(SolutionConfigurationPlatforms) = preSolution
		Debug|Any CPU = Debug|Any CPU
		Debug|x64 = Debug|x64
		Debug|x86 = Debug|x86
		Release|Any CPU = Release|Any CPU
		Release|x64 = Release|x64
		Release|x86 = Release|x86
	EndGlobalSection
	GlobalSection(SolutionProperties) = preSolution
		HideSolutionNode = FALSE
	EndGlobalSection
	GlobalSection(ProjectConfigurationPlatforms) = postSolution
		{48BFE48C-1052-49C9-B2F4-192249C18A50}.Debug|Any CPU.ActiveCfg = Debug|Any CPU
		{48BFE48C-1052-49C9-B2F4-192249C18A50}.Debug|Any CPU.Build.0 = Debug|Any CPU
		{48BFE48C-1052-49C9-B2F4-192249C18A50}.Debug|x64.ActiveCfg = Debug|Any CPU
		{48BFE48C-1052-49C9-B2F4-192249C18A50}.Debug|x64.Build.0 = Debug|Any CPU
		{48BFE48C-1052-49C9-B2F4-192249C18A50}.Debug|x86.ActiveCfg = Debug|Any CPU
		{48BFE48C-1052-49C9-B2F4-192249C18A50}.Debug|x86.Build.0 = Debug|Any CPU
		{48BFE48C-1052-49C9-B2F4-192249C18A50}.Release|Any CPU.ActiveCfg = Release|Any CPU
		{48BFE48C-1052-49C9-B2F4-192249C18A50}.Release|Any CPU.Build.0 = Release|Any CPU
		{48BFE48C-1052-49C9-B2F4-192249C18A50}.Release|x64.ActiveCfg = Release|Any CPU
		{48BFE48C-1052-49C9-B2F4-192249C18A50}.Release|x64.Build.0 = Release|Any CPU
		{48BFE48C-1052-49C9-B2F4-192249C18A50}.Release|x86.ActiveCfg = Release|Any CPU
		{48BFE48C-1052-49C9-B2F4-192249C18A50}.Release|x86.Build.0 = Release|Any CPU
		{2843B5B9-5167-4FE9-87B7-A8761DE2A01D}.Debug|Any CPU.ActiveCfg = Debug|Any CPU
		{2843B5B9-5167-4FE9-87B7-A8761DE2A01D}.Debug|Any CPU.Build.0 = Debug|Any CPU
		{2843B5B9-5167-4FE9-87B7-A8761DE2A01D}.Debug|x64.ActiveCfg = Debug|Any CPU
		{2843B5B9-5167-4FE9-87B7-A8761DE2A01D}.Debug|x64.Build.0 = Debug|Any CPU
		{2843B5B9-5167-4FE9-87B7-A8761DE2A01D}.Debug|x86.ActiveCfg = Debug|Any CPU
		{2843B5B9-5167-4FE9-87B7-A8761DE2A01D}.Debug|x86.Build.0 = Debug|Any CPU
		{2843B5B9-5167-4FE9-87B7-A8761DE2A01D}.Release|Any CPU.ActiveCfg = Release|Any CPU
		{2843B5B9-5167-4FE9-87B7-A8761DE2A01D}.Release|Any CPU.Build.0 = Release|Any CPU
		{2843B5B9-5167-4FE9-87B7-A8761DE2A01D}.Release|x64.ActiveCfg = Release|Any CPU
		{2843B5B9-5167-4FE9-87B7-A8761DE2A01D}.Release|x64.Build.0 = Release|Any CPU
		{2843B5B9-5167-4FE9-87B7-A8761DE2A01D}.Release|x86.ActiveCfg = Release|Any CPU
		{2843B5B9-5167-4FE9-87B7-A8761DE2A01D}.Release|x86.Build.0 = Release|Any CPU
		{9B827198-18F8-4CB4-9763-0E46824806D8}.Debug|Any CPU.ActiveCfg = Debug|Any CPU
		{9B827198-18F8-4CB4-9763-0E46824806D8}.Debug|Any CPU.Build.0 = Debug|Any CPU
		{9B827198-18F8-4CB4-9763-0E46824806D8}.Debug|x64.ActiveCfg = Debug|Any CPU
		{9B827198-18F8-4CB4-9763-0E46824806D8}.Debug|x64.Build.0 = Debug|Any CPU
		{9B827198-18F8-4CB4-9763-0E46824806D8}.Debug|x86.ActiveCfg = Debug|Any CPU
		{9B827198-18F8-4CB4-9763-0E46824806D8}.Debug|x86.Build.0 = Debug|Any CPU
		{9B827198-18F8-4CB4-9763-0E46824806D8}.Release|Any CPU.ActiveCfg = Release|Any CPU
		{9B827198-18F8-4CB4-9763-0E46824806D8}.Release|Any CPU.Build.0 = Release|Any CPU
		{9B827198-18F8-4CB4-9763-0E46824806D8}.Release|x64.ActiveCfg = Release|Any CPU
		{9B827198-18F8-4CB4-9763-0E46824806D8}.Release|x64.Build.0 = Release|Any CPU
		{9B827198-18F8-4CB4-9763-0E46824806D8}.Release|x86.ActiveCfg = Release|Any CPU
		{9B827198-18F8-4CB4-9763-0E46824806D8}.Release|x86.Build.0 = Release|Any CPU
		{47A52120-FF16-44DC-B2B3-C8C43F701372}.Debug|Any CPU.ActiveCfg = Debug|Any CPU
		{47A52120-FF16-44DC-B2B3-C8C43F701372}.Debug|Any CPU.Build.0 = Debug|Any CPU
		{47A52120-FF16-44DC-B2B3-C8C43F701372}.Debug|x64.ActiveCfg = Debug|Any CPU
		{47A52120-FF16-44DC-B2B3-C8C43F701372}.Debug|x64.Build.0 = Debug|Any CPU
		{47A52120-FF16-44DC-B2B3-C8C43F701372}.Debug|x86.ActiveCfg = Debug|Any CPU
		{47A52120-FF16-44DC-B2B3-C8C43F701372}.Debug|x86.Build.0 = Debug|Any CPU
		{47A52120-FF16-44DC-B2B3-C8C43F701372}.Release|Any CPU.ActiveCfg = Release|Any CPU
		{47A52120-FF16-44DC-B2B3-C8C43F701372}.Release|Any CPU.Build.0 = Release|Any CPU
		{47A52120-FF16-44DC-B2B3-C8C43F701372}.Release|x64.ActiveCfg = Release|Any CPU
		{47A52120-FF16-44DC-B2B3-C8C43F701372}.Release|x64.Build.0 = Release|Any CPU
		{47A52120-FF16-44DC-B2B3-C8C43F701372}.Release|x86.ActiveCfg = Release|Any CPU
		{47A52120-FF16-44DC-B2B3-C8C43F701372}.Release|x86.Build.0 = Release|Any CPU
		{31BA97E6-6051-47FE-9358-BE1B9E726EC2}.Debug|Any CPU.ActiveCfg = Debug|Any CPU
		{31BA97E6-6051-47FE-9358-BE1B9E726EC2}.Debug|Any CPU.Build.0 = Debug|Any CPU
		{31BA97E6-6051-47FE-9358-BE1B9E726EC2}.Debug|x64.ActiveCfg = Debug|Any CPU
		{31BA97E6-6051-47FE-9358-BE1B9E726EC2}.Debug|x64.Build.0 = Debug|Any CPU
		{31BA97E6-6051-47FE-9358-BE1B9E726EC2}.Debug|x86.ActiveCfg = Debug|Any CPU
		{31BA97E6-6051-47FE-9358-BE1B9E726EC2}.Debug|x86.Build.0 = Debug|Any CPU
		{31BA97E6-6051-47FE-9358-BE1B9E726EC2}.Release|Any CPU.ActiveCfg = Release|Any CPU
		{31BA97E6-6051-47FE-9358-BE1B9E726EC2}.Release|Any CPU.Build.0 = Release|Any CPU
		{31BA97E6-6051-47FE-9358-BE1B9E726EC2}.Release|x64.ActiveCfg = Release|Any CPU
		{31BA97E6-6051-47FE-9358-BE1B9E726EC2}.Release|x64.Build.0 = Release|Any CPU
		{31BA97E6-6051-47FE-9358-BE1B9E726EC2}.Release|x86.ActiveCfg = Release|Any CPU
		{31BA97E6-6051-47FE-9358-BE1B9E726EC2}.Release|x86.Build.0 = Release|Any CPU
	EndGlobalSection
EndGlobal
